{
  "name": "birthday",
  "version": "1.0.0",
  "lockfileVersion": 2,
  "requires": true,
  "packages": {
    "": {
      "name": "birthday",
      "version": "1.0.0",
      "dependencies": {
        "birthday": "file:"
      }
    },
    "node_modules/birthday": {
      "resolved": "",
      "link": true
    }
  },
  "dependencies": {
    "birthday": {
      "version": "file:",
      "requires": {
        "birthday": "file:"
      }
    }
  }
}
